
Microsoft Visual Studio Solution File, Format Version 12.00
# Visual Studio Version 17
VisualStudioVersion = 17.9.34728.123
MinimumVisualStudioVersion = 10.0.40219.1
Project("{FAE04EC0-301F-11D3-BF4B-00C04F79EFBC}") = "AFM_DLL", "AFM_DLL\AFM_DLL.csproj", "{2209E05E-9CA4-4A72-87DB-CC52697F83FB}"
EndProject
Project("{9A19103F-16F7-4668-BE54-9A1E7A4F7556}") = "AFM_Tests", "AFM_Tests\AFM_Tests.csproj", "{0E23F117-96BD-4DDE-9026-9CB4E853FA05}"
EndProject
Global
	GlobalSection(SolutionConfigurationPlatforms) = preSolution
		Debug|Any CPU = Debug|Any CPU
		Release|Any CPU = Release|Any CPU
	EndGlobalSection
	GlobalSection(ProjectConfigurationPlatforms) = postSolution
		{2209E05E-9CA4-4A72-87DB-CC52697F83FB}.Debug|Any CPU.ActiveCfg = Debug|Any CPU
		{2209E05E-9CA4-4A72-87DB-CC52697F83FB}.Debug|Any CPU.Build.0 = Debug|Any CPU
		{2209E05E-9CA4-4A72-87DB-CC52697F83FB}.Release|Any CPU.ActiveCfg = Release|Any CPU
		{2209E05E-9CA4-4A72-87DB-CC52697F83FB}.Release|Any CPU.Build.0 = Release|Any CPU
		{0E23F117-96BD-4DDE-9026-9CB4E853FA05}.Debug|Any CPU.ActiveCfg = Debug|Any CPU
		{0E23F117-96BD-4DDE-9026-9CB4E853FA05}.Debug|Any CPU.Build.0 = Debug|Any CPU
		{0E23F117-96BD-4DDE-9026-9CB4E853FA05}.Release|Any CPU.ActiveCfg = Release|Any CPU
		{0E23F117-96BD-4DDE-9026-9CB4E853FA05}.Release|Any CPU.Build.0 = Release|Any CPU
	EndGlobalSection
	GlobalSection(SolutionProperties) = preSolution
		HideSolutionNode = FALSE
	EndGlobalSection
	GlobalSection(ExtensibilityGlobals) = postSolution
		SolutionGuid = {27C8570A-9254-4942-8A41-10AED9E5431A}
	EndGlobalSection
EndGlobal
